
Microsoft Visual Studio Solution File, Format Version 12.00
# Visual Studio 14
VisualStudioVersion = 14.0.25123.0
MinimumVisualStudioVersion = 10.0.40219.1
Project("{8BC9CEB8-8B4A-11D0-8D11-00A0C91BC942}") = "Sandbox", "Sandbox\Sandbox.vcxproj", "{ACA3D3D0-54EE-487F-A89E-3CD97A084C1B}"
EndProject
Project("{2150E333-8FDC-42A3-9474-1A3956D46DE8}") = "Dependencies", "Dependencies", "{81D0A643-C16F-402D-8FB4-EDE329859B72}"
EndProject
Project("{8BC9CEB8-8B4A-11D0-8D11-00A0C91BC942}") = "FreeImage", "Dependencies\FreeImage\FreeImage.vcxproj", "{6F2FF135-E343-4138-A6FB-2D1F2540A3F8}"
EndProject
Project("{8BC9CEB8-8B4A-11D0-8D11-00A0C91BC942}") = "Zaap", "Zaap\Zaap.vcxproj", "{5CF0B32A-0867-4AB2-B8F9-92EA3E4F21EC}"
EndProject
Project("{8BC9CEB8-8B4A-11D0-8D11-00A0C91BC942}") = "FreeType", "Dependencies\FreeType\freetype.vcxproj", "{401AD31C-02B5-42EA-A158-72B2F4517308}"
EndProject
Project("{8BC9CEB8-8B4A-11D0-8D11-00A0C91BC942}") = "ZaapCLI", "ZaapCLI\ZaapCLI.vcxproj", "{73B0E374-0689-42CF-BCE6-30538852136E}"
EndProject
Project("{FAE04EC0-301F-11D3-BF4B-00C04F79EFBC}") = "Sandbox CS", "Sandbox CS\Sandbox CS.csproj", "{CB811388-9891-4A86-9A04-50DFC904B296}"
EndProject
Global
	GlobalSection(SolutionConfigurationPlatforms) = preSolution
		Debug Multithreaded|Any CPU = Debug Multithreaded|Any CPU
		Debug Multithreaded|ARM = Debug Multithreaded|ARM
		Debug Multithreaded|x64 = Debug Multithreaded|x64
		Debug Multithreaded|x86 = Debug Multithreaded|x86
		Debug Singlethreaded|Any CPU = Debug Singlethreaded|Any CPU
		Debug Singlethreaded|ARM = Debug Singlethreaded|ARM
		Debug Singlethreaded|x64 = Debug Singlethreaded|x64
		Debug Singlethreaded|x86 = Debug Singlethreaded|x86
		Debug|Any CPU = Debug|Any CPU
		Debug|ARM = Debug|ARM
		Debug|x64 = Debug|x64
		Debug|x86 = Debug|x86
		MinSizeRel|Any CPU = MinSizeRel|Any CPU
		MinSizeRel|ARM = MinSizeRel|ARM
		MinSizeRel|x64 = MinSizeRel|x64
		MinSizeRel|x86 = MinSizeRel|x86
		Release Multithreaded|Any CPU = Release Multithreaded|Any CPU
		Release Multithreaded|ARM = Release Multithreaded|ARM
		Release Multithreaded|x64 = Release Multithreaded|x64
		Release Multithreaded|x86 = Release Multithreaded|x86
		Release Singlethreaded|Any CPU = Release Singlethreaded|Any CPU
		Release Singlethreaded|ARM = Release Singlethreaded|ARM
		Release Singlethreaded|x64 = Release Singlethreaded|x64
		Release Singlethreaded|x86 = Release Singlethreaded|x86
		Release|Any CPU = Release|Any CPU
		Release|ARM = Release|ARM
		Release|x64 = Release|x64
		Release|x86 = Release|x86
		RelWithDebInfo|Any CPU = RelWithDebInfo|Any CPU
		RelWithDebInfo|ARM = RelWithDebInfo|ARM
		RelWithDebInfo|x64 = RelWithDebInfo|x64
		RelWithDebInfo|x86 = RelWithDebInfo|x86
	EndGlobalSection
	GlobalSection(ProjectConfigurationPlatforms) = postSolution
		{ACA3D3D0-54EE-487F-A89E-3CD97A084C1B}.Debug Multithreaded|Any CPU.ActiveCfg = Release|x64
		{ACA3D3D0-54EE-487F-A89E-3CD97A084C1B}.Debug Multithreaded|Any CPU.Build.0 = Release|x64
		{ACA3D3D0-54EE-487F-A89E-3CD97A084C1B}.Debug Multithreaded|ARM.ActiveCfg = Release|Win32
		{ACA3D3D0-54EE-487F-A89E-3CD97A084C1B}.Debug Multithreaded|ARM.Build.0 = Release|Win32
		{ACA3D3D0-54EE-487F-A89E-3CD97A084C1B}.Debug Multithreaded|x64.ActiveCfg = Debug|x64
		{ACA3D3D0-54EE-487F-A89E-3CD97A084C1B}.Debug Multithreaded|x86.ActiveCfg = Debug|Win32
		{ACA3D3D0-54EE-487F-A89E-3CD97A084C1B}.Debug Singlethreaded|Any CPU.ActiveCfg = Release|x64
		{ACA3D3D0-54EE-487F-A89E-3CD97A084C1B}.Debug Singlethreaded|Any CPU.Build.0 = Release|x64
		{ACA3D3D0-54EE-487F-A89E-3CD97A084C1B}.Debug Singlethreaded|ARM.ActiveCfg = Release|Win32
		{ACA3D3D0-54EE-487F-A89E-3CD97A084C1B}.Debug Singlethreaded|ARM.Build.0 = Release|Win32
		{ACA3D3D0-54EE-487F-A89E-3CD97A084C1B}.Debug Singlethreaded|x64.ActiveCfg = Debug|x64
		{ACA3D3D0-54EE-487F-A89E-3CD97A084C1B}.Debug Singlethreaded|x86.ActiveCfg = Debug|Win32
		{ACA3D3D0-54EE-487F-A89E-3CD97A084C1B}.Debug|Any CPU.ActiveCfg = Debug|Win32
		{ACA3D3D0-54EE-487F-A89E-3CD97A084C1B}.Debug|ARM.ActiveCfg = Debug|Win32
		{ACA3D3D0-54EE-487F-A89E-3CD97A084C1B}.Debug|x64.ActiveCfg = Debug|x64
		{ACA3D3D0-54EE-487F-A89E-3CD97A084C1B}.Debug|x64.Build.0 = Debug|x64
		{ACA3D3D0-54EE-487F-A89E-3CD97A084C1B}.Debug|x86.ActiveCfg = Debug|Win32
		{ACA3D3D0-54EE-487F-A89E-3CD97A084C1B}.Debug|x86.Build.0 = Debug|Win32
		{ACA3D3D0-54EE-487F-A89E-3CD97A084C1B}.MinSizeRel|Any CPU.ActiveCfg = Release|x64
		{ACA3D3D0-54EE-487F-A89E-3CD97A084C1B}.MinSizeRel|Any CPU.Build.0 = Release|x64
		{ACA3D3D0-54EE-487F-A89E-3CD97A084C1B}.MinSizeRel|ARM.ActiveCfg = Release|Win32
		{ACA3D3D0-54EE-487F-A89E-3CD97A084C1B}.MinSizeRel|ARM.Build.0 = Release|Win32
		{ACA3D3D0-54EE-487F-A89E-3CD97A084C1B}.MinSizeRel|x64.ActiveCfg = Release|x64
		{ACA3D3D0-54EE-487F-A89E-3CD97A084C1B}.MinSizeRel|x64.Build.0 = Release|x64
		{ACA3D3D0-54EE-487F-A89E-3CD97A084C1B}.MinSizeRel|x86.ActiveCfg = Release|Win32
		{ACA3D3D0-54EE-487F-A89E-3CD97A084C1B}.MinSizeRel|x86.Build.0 = Release|Win32
		{ACA3D3D0-54EE-487F-A89E-3CD97A084C1B}.Release Multithreaded|Any CPU.ActiveCfg = Release|x64
		{ACA3D3D0-54EE-487F-A89E-3CD97A084C1B}.Release Multithreaded|Any CPU.Build.0 = Release|x64
		{ACA3D3D0-54EE-487F-A89E-3CD97A084C1B}.Release Multithreaded|ARM.ActiveCfg = Release|Win32
		{ACA3D3D0-54EE-487F-A89E-3CD97A084C1B}.Release Multithreaded|ARM.Build.0 = Release|Win32
		{ACA3D3D0-54EE-487F-A89E-3CD97A084C1B}.Release Multithreaded|x64.ActiveCfg = Release|x64
		{ACA3D3D0-54EE-487F-A89E-3CD97A084C1B}.Release Multithreaded|x86.ActiveCfg = Release|Win32
		{ACA3D3D0-54EE-487F-A89E-3CD97A084C1B}.Release Singlethreaded|Any CPU.ActiveCfg = Release|x64
		{ACA3D3D0-54EE-487F-A89E-3CD97A084C1B}.Release Singlethreaded|Any CPU.Build.0 = Release|x64
		{ACA3D3D0-54EE-487F-A89E-3CD97A084C1B}.Release Singlethreaded|ARM.ActiveCfg = Release|Win32
		{ACA3D3D0-54EE-487F-A89E-3CD97A084C1B}.Release Singlethreaded|ARM.Build.0 = Release|Win32
		{ACA3D3D0-54EE-487F-A89E-3CD97A084C1B}.Release Singlethreaded|x64.ActiveCfg = Release|x64
		{ACA3D3D0-54EE-487F-A89E-3CD97A084C1B}.Release Singlethreaded|x86.ActiveCfg = Release|Win32
		{ACA3D3D0-54EE-487F-A89E-3CD97A084C1B}.Release|Any CPU.ActiveCfg = Release|Win32
		{ACA3D3D0-54EE-487F-A89E-3CD97A084C1B}.Release|ARM.ActiveCfg = Release|Win32
		{ACA3D3D0-54EE-487F-A89E-3CD97A084C1B}.Release|x64.ActiveCfg = Release|x64
		{ACA3D3D0-54EE-487F-A89E-3CD97A084C1B}.Release|x64.Build.0 = Release|x64
		{ACA3D3D0-54EE-487F-A89E-3CD97A084C1B}.Release|x86.ActiveCfg = Release|Win32
		{ACA3D3D0-54EE-487F-A89E-3CD97A084C1B}.Release|x86.Build.0 = Release|Win32
		{ACA3D3D0-54EE-487F-A89E-3CD97A084C1B}.RelWithDebInfo|Any CPU.ActiveCfg = Release|x64
		{ACA3D3D0-54EE-487F-A89E-3CD97A084C1B}.RelWithDebInfo|Any CPU.Build.0 = Release|x64
		{ACA3D3D0-54EE-487F-A89E-3CD97A084C1B}.RelWithDebInfo|ARM.ActiveCfg = Release|Win32
		{ACA3D3D0-54EE-487F-A89E-3CD97A084C1B}.RelWithDebInfo|ARM.Build.0 = Release|Win32
		{ACA3D3D0-54EE-487F-A89E-3CD97A084C1B}.RelWithDebInfo|x64.ActiveCfg = Release|x64
		{ACA3D3D0-54EE-487F-A89E-3CD97A084C1B}.RelWithDebInfo|x64.Build.0 = Release|x64
		{ACA3D3D0-54EE-487F-A89E-3CD97A084C1B}.RelWithDebInfo|x86.ActiveCfg = Release|Win32
		{ACA3D3D0-54EE-487F-A89E-3CD97A084C1B}.RelWithDebInfo|x86.Build.0 = Release|Win32
		{6F2FF135-E343-4138-A6FB-2D1F2540A3F8}.Debug Multithreaded|Any CPU.ActiveCfg = Release|x64
		{6F2FF135-E343-4138-A6FB-2D1F2540A3F8}.Debug Multithreaded|ARM.ActiveCfg = Release|Win32
		{6F2FF135-E343-4138-A6FB-2D1F2540A3F8}.Debug Multithreaded|x64.ActiveCfg = Debug|x64
		{6F2FF135-E343-4138-A6FB-2D1F2540A3F8}.Debug Multithreaded|x86.ActiveCfg = Debug|Win32
		{6F2FF135-E343-4138-A6FB-2D1F2540A3F8}.Debug Singlethreaded|Any CPU.ActiveCfg = Release|x64
		{6F2FF135-E343-4138-A6FB-2D1F2540A3F8}.Debug Singlethreaded|ARM.ActiveCfg = Release|Win32
		{6F2FF135-E343-4138-A6FB-2D1F2540A3F8}.Debug Singlethreaded|x64.ActiveCfg = Debug|x64
		{6F2FF135-E343-4138-A6FB-2D1F2540A3F8}.Debug Singlethreaded|x86.ActiveCfg = Debug|Win32
		{6F2FF135-E343-4138-A6FB-2D1F2540A3F8}.Debug|Any CPU.ActiveCfg = Debug|Win32
		{6F2FF135-E343-4138-A6FB-2D1F2540A3F8}.Debug|ARM.ActiveCfg = Debug|Win32
		{6F2FF135-E343-4138-A6FB-2D1F2540A3F8}.Debug|x64.ActiveCfg = Debug|x64
		{6F2FF135-E343-4138-A6FB-2D1F2540A3F8}.Debug|x64.Build.0 = Debug|x64
		{6F2FF135-E343-4138-A6FB-2D1F2540A3F8}.Debug|x86.ActiveCfg = Debug|Win32
		{6F2FF135-E343-4138-A6FB-2D1F2540A3F8}.Debug|x86.Build.0 = Debug|Win32
		{6F2FF135-E343-4138-A6FB-2D1F2540A3F8}.MinSizeRel|Any CPU.ActiveCfg = Release|x64
		{6F2FF135-E343-4138-A6FB-2D1F2540A3F8}.MinSizeRel|ARM.ActiveCfg = Release|Win32
		{6F2FF135-E343-4138-A6FB-2D1F2540A3F8}.MinSizeRel|x64.ActiveCfg = Release|x64
		{6F2FF135-E343-4138-A6FB-2D1F2540A3F8}.MinSizeRel|x86.ActiveCfg = Release|Win32
		{6F2FF135-E343-4138-A6FB-2D1F2540A3F8}.Release Multithreaded|Any CPU.ActiveCfg = Release|x64
		{6F2FF135-E343-4138-A6FB-2D1F2540A3F8}.Release Multithreaded|ARM.ActiveCfg = Release|Win32
		{6F2FF135-E343-4138-A6FB-2D1F2540A3F8}.Release Multithreaded|x64.ActiveCfg = Release|x64
		{6F2FF135-E343-4138-A6FB-2D1F2540A3F8}.Release Multithreaded|x86.ActiveCfg = Release|Win32
		{6F2FF135-E343-4138-A6FB-2D1F2540A3F8}.Release Singlethreaded|Any CPU.ActiveCfg = Release|x64
		{6F2FF135-E343-4138-A6FB-2D1F2540A3F8}.Release Singlethreaded|ARM.ActiveCfg = Release|Win32
		{6F2FF135-E343-4138-A6FB-2D1F2540A3F8}.Release Singlethreaded|x64.ActiveCfg = Release|x64
		{6F2FF135-E343-4138-A6FB-2D1F2540A3F8}.Release Singlethreaded|x86.ActiveCfg = Release|Win32
		{6F2FF135-E343-4138-A6FB-2D1F2540A3F8}.Release|Any CPU.ActiveCfg = Release|Win32
		{6F2FF135-E343-4138-A6FB-2D1F2540A3F8}.Release|ARM.ActiveCfg = Release|Win32
		{6F2FF135-E343-4138-A6FB-2D1F2540A3F8}.Release|x64.ActiveCfg = Release|x64
		{6F2FF135-E343-4138-A6FB-2D1F2540A3F8}.Release|x64.Build.0 = Release|x64
		{6F2FF135-E343-4138-A6FB-2D1F2540A3F8}.Release|x86.ActiveCfg = Release|Win32
		{6F2FF135-E343-4138-A6FB-2D1F2540A3F8}.Release|x86.Build.0 = Release|Win32
		{6F2FF135-E343-4138-A6FB-2D1F2540A3F8}.RelWithDebInfo|Any CPU.ActiveCfg = Release|x64
		{6F2FF135-E343-4138-A6FB-2D1F2540A3F8}.RelWithDebInfo|ARM.ActiveCfg = Release|Win32
		{6F2FF135-E343-4138-A6FB-2D1F2540A3F8}.RelWithDebInfo|x64.ActiveCfg = Release|x64
		{6F2FF135-E343-4138-A6FB-2D1F2540A3F8}.RelWithDebInfo|x86.ActiveCfg = Release|Win32
		{5CF0B32A-0867-4AB2-B8F9-92EA3E4F21EC}.Debug Multithreaded|Any CPU.ActiveCfg = Release|x64
		{5CF0B32A-0867-4AB2-B8F9-92EA3E4F21EC}.Debug Multithreaded|Any CPU.Build.0 = Release|x64
		{5CF0B32A-0867-4AB2-B8F9-92EA3E4F21EC}.Debug Multithreaded|ARM.ActiveCfg = Release|Win32
		{5CF0B32A-0867-4AB2-B8F9-92EA3E4F21EC}.Debug Multithreaded|ARM.Build.0 = Release|Win32
		{5CF0B32A-0867-4AB2-B8F9-92EA3E4F21EC}.Debug Multithreaded|x64.ActiveCfg = Debug|x64
		{5CF0B32A-0867-4AB2-B8F9-92EA3E4F21EC}.Debug Multithreaded|x86.ActiveCfg = Debug|Win32
		{5CF0B32A-0867-4AB2-B8F9-92EA3E4F21EC}.Debug Singlethreaded|Any CPU.ActiveCfg = Release|x64
		{5CF0B32A-0867-4AB2-B8F9-92EA3E4F21EC}.Debug Singlethreaded|Any CPU.Build.0 = Release|x64
		{5CF0B32A-0867-4AB2-B8F9-92EA3E4F21EC}.Debug Singlethreaded|ARM.ActiveCfg = Release|Win32
		{5CF0B32A-0867-4AB2-B8F9-92EA3E4F21EC}.Debug Singlethreaded|ARM.Build.0 = Release|Win32
		{5CF0B32A-0867-4AB2-B8F9-92EA3E4F21EC}.Debug Singlethreaded|x64.ActiveCfg = Debug|x64
		{5CF0B32A-0867-4AB2-B8F9-92EA3E4F21EC}.Debug Singlethreaded|x86.ActiveCfg = Debug|Win32
		{5CF0B32A-0867-4AB2-B8F9-92EA3E4F21EC}.Debug|Any CPU.ActiveCfg = Debug|Win32
		{5CF0B32A-0867-4AB2-B8F9-92EA3E4F21EC}.Debug|ARM.ActiveCfg = Debug|Win32
		{5CF0B32A-0867-4AB2-B8F9-92EA3E4F21EC}.Debug|x64.ActiveCfg = Debug|x64
		{5CF0B32A-0867-4AB2-B8F9-92EA3E4F21EC}.Debug|x64.Build.0 = Debug|x64
		{5CF0B32A-0867-4AB2-B8F9-92EA3E4F21EC}.Debug|x86.ActiveCfg = Debug|Win32
		{5CF0B32A-0867-4AB2-B8F9-92EA3E4F21EC}.Debug|x86.Build.0 = Debug|Win32
		{5CF0B32A-0867-4AB2-B8F9-92EA3E4F21EC}.Debug|x86.Deploy.0 = Debug|Win32
		{5CF0B32A-0867-4AB2-B8F9-92EA3E4F21EC}.MinSizeRel|Any CPU.ActiveCfg = Release|x64
		{5CF0B32A-0867-4AB2-B8F9-92EA3E4F21EC}.MinSizeRel|Any CPU.Build.0 = Release|x64
		{5CF0B32A-0867-4AB2-B8F9-92EA3E4F21EC}.MinSizeRel|ARM.ActiveCfg = Release|Win32
		{5CF0B32A-0867-4AB2-B8F9-92EA3E4F21EC}.MinSizeRel|ARM.Build.0 = Release|Win32
		{5CF0B32A-0867-4AB2-B8F9-92EA3E4F21EC}.MinSizeRel|x64.ActiveCfg = Release|x64
		{5CF0B32A-0867-4AB2-B8F9-92EA3E4F21EC}.MinSizeRel|x64.Build.0 = Release|x64
		{5CF0B32A-0867-4AB2-B8F9-92EA3E4F21EC}.MinSizeRel|x86.ActiveCfg = Release|Win32
		{5CF0B32A-0867-4AB2-B8F9-92EA3E4F21EC}.MinSizeRel|x86.Build.0 = Release|Win32
		{5CF0B32A-0867-4AB2-B8F9-92EA3E4F21EC}.Release Multithreaded|Any CPU.ActiveCfg = Release|x64
		{5CF0B32A-0867-4AB2-B8F9-92EA3E4F21EC}.Release Multithreaded|Any CPU.Build.0 = Release|x64
		{5CF0B32A-0867-4AB2-B8F9-92EA3E4F21EC}.Release Multithreaded|ARM.ActiveCfg = Release|Win32
		{5CF0B32A-0867-4AB2-B8F9-92EA3E4F21EC}.Release Multithreaded|ARM.Build.0 = Release|Win32
		{5CF0B32A-0867-4AB2-B8F9-92EA3E4F21EC}.Release Multithreaded|x64.ActiveCfg = Release|x64
		{5CF0B32A-0867-4AB2-B8F9-92EA3E4F21EC}.Release Multithreaded|x86.ActiveCfg = Release|Win32
		{5CF0B32A-0867-4AB2-B8F9-92EA3E4F21EC}.Release Singlethreaded|Any CPU.ActiveCfg = Release|x64
		{5CF0B32A-0867-4AB2-B8F9-92EA3E4F21EC}.Release Singlethreaded|Any CPU.Build.0 = Release|x64
		{5CF0B32A-0867-4AB2-B8F9-92EA3E4F21EC}.Release Singlethreaded|ARM.ActiveCfg = Release|Win32
		{5CF0B32A-0867-4AB2-B8F9-92EA3E4F21EC}.Release Singlethreaded|ARM.Build.0 = Release|Win32
		{5CF0B32A-0867-4AB2-B8F9-92EA3E4F21EC}.Release Singlethreaded|x64.ActiveCfg = Release|x64
		{5CF0B32A-0867-4AB2-B8F9-92EA3E4F21EC}.Release Singlethreaded|x86.ActiveCfg = Release|Win32
		{5CF0B32A-0867-4AB2-B8F9-92EA3E4F21EC}.Release|Any CPU.ActiveCfg = Release|Win32
		{5CF0B32A-0867-4AB2-B8F9-92EA3E4F21EC}.Release|ARM.ActiveCfg = Release|Win32
		{5CF0B32A-0867-4AB2-B8F9-92EA3E4F21EC}.Release|x64.ActiveCfg = Release|x64
		{5CF0B32A-0867-4AB2-B8F9-92EA3E4F21EC}.Release|x64.Build.0 = Release|x64
		{5CF0B32A-0867-4AB2-B8F9-92EA3E4F21EC}.Release|x86.ActiveCfg = Release|Win32
		{5CF0B32A-0867-4AB2-B8F9-92EA3E4F21EC}.Release|x86.Build.0 = Release|Win32
		{5CF0B32A-0867-4AB2-B8F9-92EA3E4F21EC}.RelWithDebInfo|Any CPU.ActiveCfg = Release|x64
		{5CF0B32A-0867-4AB2-B8F9-92EA3E4F21EC}.RelWithDebInfo|Any CPU.Build.0 = Release|x64
		{5CF0B32A-0867-4AB2-B8F9-92EA3E4F21EC}.RelWithDebInfo|ARM.ActiveCfg = Release|Win32
		{5CF0B32A-0867-4AB2-B8F9-92EA3E4F21EC}.RelWithDebInfo|ARM.Build.0 = Release|Win32
		{5CF0B32A-0867-4AB2-B8F9-92EA3E4F21EC}.RelWithDebInfo|x64.ActiveCfg = Release|x64
		{5CF0B32A-0867-4AB2-B8F9-92EA3E4F21EC}.RelWithDebInfo|x64.Build.0 = Release|x64
		{5CF0B32A-0867-4AB2-B8F9-92EA3E4F21EC}.RelWithDebInfo|x86.ActiveCfg = Release|Win32
		{5CF0B32A-0867-4AB2-B8F9-92EA3E4F21EC}.RelWithDebInfo|x86.Build.0 = Release|Win32
		{401AD31C-02B5-42EA-A158-72B2F4517308}.Debug Multithreaded|Any CPU.ActiveCfg = MinSizeRel|Win32
		{401AD31C-02B5-42EA-A158-72B2F4517308}.Debug Multithreaded|ARM.ActiveCfg = RelWithDebInfo|Win32
		{401AD31C-02B5-42EA-A158-72B2F4517308}.Debug Multithreaded|x64.ActiveCfg = Release|Win32
		{401AD31C-02B5-42EA-A158-72B2F4517308}.Debug Multithreaded|x64.Build.0 = Release|Win32
		{401AD31C-02B5-42EA-A158-72B2F4517308}.Debug Multithreaded|x86.ActiveCfg = Debug|Win32
		{401AD31C-02B5-42EA-A158-72B2F4517308}.Debug Multithreaded|x86.Build.0 = Debug|Win32
		{401AD31C-02B5-42EA-A158-72B2F4517308}.Debug Singlethreaded|Any CPU.ActiveCfg = MinSizeRel|Win32
		{401AD31C-02B5-42EA-A158-72B2F4517308}.Debug Singlethreaded|ARM.ActiveCfg = RelWithDebInfo|Win32
		{401AD31C-02B5-42EA-A158-72B2F4517308}.Debug Singlethreaded|x64.ActiveCfg = Release|Win32
		{401AD31C-02B5-42EA-A158-72B2F4517308}.Debug Singlethreaded|x64.Build.0 = Release|Win32
		{401AD31C-02B5-42EA-A158-72B2F4517308}.Debug Singlethreaded|x86.ActiveCfg = Debug|Win32
		{401AD31C-02B5-42EA-A158-72B2F4517308}.Debug Singlethreaded|x86.Build.0 = Debug|Win32
		{401AD31C-02B5-42EA-A158-72B2F4517308}.Debug|Any CPU.ActiveCfg = Debug|Win32
		{401AD31C-02B5-42EA-A158-72B2F4517308}.Debug|ARM.ActiveCfg = Debug|Win32
		{401AD31C-02B5-42EA-A158-72B2F4517308}.Debug|x64.ActiveCfg = Debug|Win32
		{401AD31C-02B5-42EA-A158-72B2F4517308}.Debug|x86.ActiveCfg = Debug|Win32
		{401AD31C-02B5-42EA-A158-72B2F4517308}.Debug|x86.Build.0 = Debug|Win32
		{401AD31C-02B5-42EA-A158-72B2F4517308}.MinSizeRel|Any CPU.ActiveCfg = MinSizeRel|Win32
		{401AD31C-02B5-42EA-A158-72B2F4517308}.MinSizeRel|ARM.ActiveCfg = MinSizeRel|Win32
		{401AD31C-02B5-42EA-A158-72B2F4517308}.MinSizeRel|x64.ActiveCfg = MinSizeRel|Win32
		{401AD31C-02B5-42EA-A158-72B2F4517308}.MinSizeRel|x86.ActiveCfg = MinSizeRel|Win32
		{401AD31C-02B5-42EA-A158-72B2F4517308}.MinSizeRel|x86.Build.0 = MinSizeRel|Win32
		{401AD31C-02B5-42EA-A158-72B2F4517308}.Release Multithreaded|Any CPU.ActiveCfg = MinSizeRel|Win32
		{401AD31C-02B5-42EA-A158-72B2F4517308}.Release Multithreaded|ARM.ActiveCfg = RelWithDebInfo|Win32
		{401AD31C-02B5-42EA-A158-72B2F4517308}.Release Multithreaded|x64.ActiveCfg = Release|Win32
		{401AD31C-02B5-42EA-A158-72B2F4517308}.Release Multithreaded|x64.Build.0 = Release|Win32
		{401AD31C-02B5-42EA-A158-72B2F4517308}.Release Multithreaded|x86.ActiveCfg = Release|Win32
		{401AD31C-02B5-42EA-A158-72B2F4517308}.Release Multithreaded|x86.Build.0 = Release|Win32
		{401AD31C-02B5-42EA-A158-72B2F4517308}.Release Singlethreaded|Any CPU.ActiveCfg = MinSizeRel|Win32
		{401AD31C-02B5-42EA-A158-72B2F4517308}.Release Singlethreaded|ARM.ActiveCfg = RelWithDebInfo|Win32
		{401AD31C-02B5-42EA-A158-72B2F4517308}.Release Singlethreaded|x64.ActiveCfg = Release|Win32
		{401AD31C-02B5-42EA-A158-72B2F4517308}.Release Singlethreaded|x64.Build.0 = Release|Win32
		{401AD31C-02B5-42EA-A158-72B2F4517308}.Release Singlethreaded|x86.ActiveCfg = Release|Win32
		{401AD31C-02B5-42EA-A158-72B2F4517308}.Release Singlethreaded|x86.Build.0 = Release|Win32
		{401AD31C-02B5-42EA-A158-72B2F4517308}.Release|Any CPU.ActiveCfg = Release|Win32
		{401AD31C-02B5-42EA-A158-72B2F4517308}.Release|ARM.ActiveCfg = Release|Win32
		{401AD31C-02B5-42EA-A158-72B2F4517308}.Release|x64.ActiveCfg = Release|Win32
		{401AD31C-02B5-42EA-A158-72B2F4517308}.Release|x86.ActiveCfg = Release|Win32
		{401AD31C-02B5-42EA-A158-72B2F4517308}.Release|x86.Build.0 = Release|Win32
		{401AD31C-02B5-42EA-A158-72B2F4517308}.RelWithDebInfo|Any CPU.ActiveCfg = RelWithDebInfo|Win32
		{401AD31C-02B5-42EA-A158-72B2F4517308}.RelWithDebInfo|ARM.ActiveCfg = RelWithDebInfo|Win32
		{401AD31C-02B5-42EA-A158-72B2F4517308}.RelWithDebInfo|x64.ActiveCfg = RelWithDebInfo|Win32
		{401AD31C-02B5-42EA-A158-72B2F4517308}.RelWithDebInfo|x86.ActiveCfg = RelWithDebInfo|Win32
		{401AD31C-02B5-42EA-A158-72B2F4517308}.RelWithDebInfo|x86.Build.0 = RelWithDebInfo|Win32
		{73B0E374-0689-42CF-BCE6-30538852136E}.Debug Multithreaded|Any CPU.ActiveCfg = Release|Win32
		{73B0E374-0689-42CF-BCE6-30538852136E}.Debug Multithreaded|Any CPU.Build.0 = Release|Win32
		{73B0E374-0689-42CF-BCE6-30538852136E}.Debug Multithreaded|ARM.ActiveCfg = Release|x64
		{73B0E374-0689-42CF-BCE6-30538852136E}.Debug Multithreaded|ARM.Build.0 = Release|x64
		{73B0E374-0689-42CF-BCE6-30538852136E}.Debug Multithreaded|x64.ActiveCfg = Debug|x64
		{73B0E374-0689-42CF-BCE6-30538852136E}.Debug Multithreaded|x64.Build.0 = Debug|x64
		{73B0E374-0689-42CF-BCE6-30538852136E}.Debug Multithreaded|x86.ActiveCfg = Debug|Win32
		{73B0E374-0689-42CF-BCE6-30538852136E}.Debug Multithreaded|x86.Build.0 = Debug|Win32
		{73B0E374-0689-42CF-BCE6-30538852136E}.Debug Singlethreaded|Any CPU.ActiveCfg = Release|Win32
		{73B0E374-0689-42CF-BCE6-30538852136E}.Debug Singlethreaded|Any CPU.Build.0 = Release|Win32
		{73B0E374-0689-42CF-BCE6-30538852136E}.Debug Singlethreaded|ARM.ActiveCfg = Release|x64
		{73B0E374-0689-42CF-BCE6-30538852136E}.Debug Singlethreaded|ARM.Build.0 = Release|x64
		{73B0E374-0689-42CF-BCE6-30538852136E}.Debug Singlethreaded|x64.ActiveCfg = Debug|x64
		{73B0E374-0689-42CF-BCE6-30538852136E}.Debug Singlethreaded|x64.Build.0 = Debug|x64
		{73B0E374-0689-42CF-BCE6-30538852136E}.Debug Singlethreaded|x86.ActiveCfg = Debug|Win32
		{73B0E374-0689-42CF-BCE6-30538852136E}.Debug Singlethreaded|x86.Build.0 = Debug|Win32
		{73B0E374-0689-42CF-BCE6-30538852136E}.Debug|Any CPU.ActiveCfg = Debug|Win32
		{73B0E374-0689-42CF-BCE6-30538852136E}.Debug|ARM.ActiveCfg = Debug|Win32
		{73B0E374-0689-42CF-BCE6-30538852136E}.Debug|x64.ActiveCfg = Debug|x64
		{73B0E374-0689-42CF-BCE6-30538852136E}.Debug|x64.Build.0 = Debug|x64
		{73B0E374-0689-42CF-BCE6-30538852136E}.Debug|x86.ActiveCfg = Debug|Win32
		{73B0E374-0689-42CF-BCE6-30538852136E}.Debug|x86.Build.0 = Debug|Win32
		{73B0E374-0689-42CF-BCE6-30538852136E}.MinSizeRel|Any CPU.ActiveCfg = Release|Win32
		{73B0E374-0689-42CF-BCE6-30538852136E}.MinSizeRel|Any CPU.Build.0 = Release|Win32
		{73B0E374-0689-42CF-BCE6-30538852136E}.MinSizeRel|ARM.ActiveCfg = Release|x64
		{73B0E374-0689-42CF-BCE6-30538852136E}.MinSizeRel|ARM.Build.0 = Release|x64
		{73B0E374-0689-42CF-BCE6-30538852136E}.MinSizeRel|x64.ActiveCfg = Release|x64
		{73B0E374-0689-42CF-BCE6-30538852136E}.MinSizeRel|x64.Build.0 = Release|x64
		{73B0E374-0689-42CF-BCE6-30538852136E}.MinSizeRel|x86.ActiveCfg = Release|Win32
		{73B0E374-0689-42CF-BCE6-30538852136E}.MinSizeRel|x86.Build.0 = Release|Win32
		{73B0E374-0689-42CF-BCE6-30538852136E}.Release Multithreaded|Any CPU.ActiveCfg = Release|Win32
		{73B0E374-0689-42CF-BCE6-30538852136E}.Release Multithreaded|Any CPU.Build.0 = Release|Win32
		{73B0E374-0689-42CF-BCE6-30538852136E}.Release Multithreaded|ARM.ActiveCfg = Release|x64
		{73B0E374-0689-42CF-BCE6-30538852136E}.Release Multithreaded|ARM.Build.0 = Release|x64
		{73B0E374-0689-42CF-BCE6-30538852136E}.Release Multithreaded|x64.ActiveCfg = Release|x64
		{73B0E374-0689-42CF-BCE6-30538852136E}.Release Multithreaded|x64.Build.0 = Release|x64
		{73B0E374-0689-42CF-BCE6-30538852136E}.Release Multithreaded|x86.ActiveCfg = Release|Win32
		{73B0E374-0689-42CF-BCE6-30538852136E}.Release Multithreaded|x86.Build.0 = Release|Win32
		{73B0E374-0689-42CF-BCE6-30538852136E}.Release Singlethreaded|Any CPU.ActiveCfg = Release|Win32
		{73B0E374-0689-42CF-BCE6-30538852136E}.Release Singlethreaded|Any CPU.Build.0 = Release|Win32
		{73B0E374-0689-42CF-BCE6-30538852136E}.Release Singlethreaded|ARM.ActiveCfg = Release|x64
		{73B0E374-0689-42CF-BCE6-30538852136E}.Release Singlethreaded|ARM.Build.0 = Release|x64
		{73B0E374-0689-42CF-BCE6-30538852136E}.Release Singlethreaded|x64.ActiveCfg = Release|x64
		{73B0E374-0689-42CF-BCE6-30538852136E}.Release Singlethreaded|x64.Build.0 = Release|x64
		{73B0E374-0689-42CF-BCE6-30538852136E}.Release Singlethreaded|x86.ActiveCfg = Release|Win32
		{73B0E374-0689-42CF-BCE6-30538852136E}.Release Singlethreaded|x86.Build.0 = Release|Win32
		{73B0E374-0689-42CF-BCE6-30538852136E}.Release|Any CPU.ActiveCfg = Release|Win32
		{73B0E374-0689-42CF-BCE6-30538852136E}.Release|ARM.ActiveCfg = Release|Win32
		{73B0E374-0689-42CF-BCE6-30538852136E}.Release|x64.ActiveCfg = Release|x64
		{73B0E374-0689-42CF-BCE6-30538852136E}.Release|x64.Build.0 = Release|x64
		{73B0E374-0689-42CF-BCE6-30538852136E}.Release|x86.ActiveCfg = Release|Win32
		{73B0E374-0689-42CF-BCE6-30538852136E}.Release|x86.Build.0 = Release|Win32
		{73B0E374-0689-42CF-BCE6-30538852136E}.RelWithDebInfo|Any CPU.ActiveCfg = Release|Win32
		{73B0E374-0689-42CF-BCE6-30538852136E}.RelWithDebInfo|Any CPU.Build.0 = Release|Win32
		{73B0E374-0689-42CF-BCE6-30538852136E}.RelWithDebInfo|ARM.ActiveCfg = Release|x64
		{73B0E374-0689-42CF-BCE6-30538852136E}.RelWithDebInfo|ARM.Build.0 = Release|x64
		{73B0E374-0689-42CF-BCE6-30538852136E}.RelWithDebInfo|x64.ActiveCfg = Release|x64
		{73B0E374-0689-42CF-BCE6-30538852136E}.RelWithDebInfo|x64.Build.0 = Release|x64
		{73B0E374-0689-42CF-BCE6-30538852136E}.RelWithDebInfo|x86.ActiveCfg = Release|Win32
		{73B0E374-0689-42CF-BCE6-30538852136E}.RelWithDebInfo|x86.Build.0 = Release|Win32
		{CB811388-9891-4A86-9A04-50DFC904B296}.Debug Multithreaded|Any CPU.ActiveCfg = Debug|Any CPU
		{CB811388-9891-4A86-9A04-50DFC904B296}.Debug Multithreaded|Any CPU.Build.0 = Debug|Any CPU
		{CB811388-9891-4A86-9A04-50DFC904B296}.Debug Multithreaded|ARM.ActiveCfg = Debug|Any CPU
		{CB811388-9891-4A86-9A04-50DFC904B296}.Debug Multithreaded|ARM.Build.0 = Debug|Any CPU
		{CB811388-9891-4A86-9A04-50DFC904B296}.Debug Multithreaded|x64.ActiveCfg = Debug|Any CPU
		{CB811388-9891-4A86-9A04-50DFC904B296}.Debug Multithreaded|x64.Build.0 = Debug|Any CPU
		{CB811388-9891-4A86-9A04-50DFC904B296}.Debug Multithreaded|x86.ActiveCfg = Debug|Any CPU
		{CB811388-9891-4A86-9A04-50DFC904B296}.Debug Multithreaded|x86.Build.0 = Debug|Any CPU
		{CB811388-9891-4A86-9A04-50DFC904B296}.Debug Singlethreaded|Any CPU.ActiveCfg = Debug|Any CPU
		{CB811388-9891-4A86-9A04-50DFC904B296}.Debug Singlethreaded|Any CPU.Build.0 = Debug|Any CPU
		{CB811388-9891-4A86-9A04-50DFC904B296}.Debug Singlethreaded|ARM.ActiveCfg = Debug|Any CPU
		{CB811388-9891-4A86-9A04-50DFC904B296}.Debug Singlethreaded|ARM.Build.0 = Debug|Any CPU
		{CB811388-9891-4A86-9A04-50DFC904B296}.Debug Singlethreaded|x64.ActiveCfg = Debug|Any CPU
		{CB811388-9891-4A86-9A04-50DFC904B296}.Debug Singlethreaded|x64.Build.0 = Debug|Any CPU
		{CB811388-9891-4A86-9A04-50DFC904B296}.Debug Singlethreaded|x86.ActiveCfg = Debug|Any CPU
		{CB811388-9891-4A86-9A04-50DFC904B296}.Debug Singlethreaded|x86.Build.0 = Debug|Any CPU
		{CB811388-9891-4A86-9A04-50DFC904B296}.Debug|Any CPU.ActiveCfg = Debug|Any CPU
		{CB811388-9891-4A86-9A04-50DFC904B296}.Debug|Any CPU.Build.0 = Debug|Any CPU
		{CB811388-9891-4A86-9A04-50DFC904B296}.Debug|ARM.ActiveCfg = Debug|Any CPU
		{CB811388-9891-4A86-9A04-50DFC904B296}.Debug|ARM.Build.0 = Debug|Any CPU
		{CB811388-9891-4A86-9A04-50DFC904B296}.Debug|x64.ActiveCfg = Debug|Any CPU
		{CB811388-9891-4A86-9A04-50DFC904B296}.Debug|x64.Build.0 = Debug|Any CPU
		{CB811388-9891-4A86-9A04-50DFC904B296}.Debug|x86.ActiveCfg = Debug|Any CPU
		{CB811388-9891-4A86-9A04-50DFC904B296}.Debug|x86.Build.0 = Debug|Any CPU
		{CB811388-9891-4A86-9A04-50DFC904B296}.MinSizeRel|Any CPU.ActiveCfg = Release|Any CPU
		{CB811388-9891-4A86-9A04-50DFC904B296}.MinSizeRel|Any CPU.Build.0 = Release|Any CPU
		{CB811388-9891-4A86-9A04-50DFC904B296}.MinSizeRel|ARM.ActiveCfg = Release|Any CPU
		{CB811388-9891-4A86-9A04-50DFC904B296}.MinSizeRel|ARM.Build.0 = Release|Any CPU
		{CB811388-9891-4A86-9A04-50DFC904B296}.MinSizeRel|x64.ActiveCfg = Release|Any CPU
		{CB811388-9891-4A86-9A04-50DFC904B296}.MinSizeRel|x64.Build.0 = Release|Any CPU
		{CB811388-9891-4A86-9A04-50DFC904B296}.MinSizeRel|x86.ActiveCfg = Release|Any CPU
		{CB811388-9891-4A86-9A04-50DFC904B296}.MinSizeRel|x86.Build.0 = Release|Any CPU
		{CB811388-9891-4A86-9A04-50DFC904B296}.Release Multithreaded|Any CPU.ActiveCfg = Release|Any CPU
		{CB811388-9891-4A86-9A04-50DFC904B296}.Release Multithreaded|Any CPU.Build.0 = Release|Any CPU
		{CB811388-9891-4A86-9A04-50DFC904B296}.Release Multithreaded|ARM.ActiveCfg = Release|Any CPU
		{CB811388-9891-4A86-9A04-50DFC904B296}.Release Multithreaded|ARM.Build.0 = Release|Any CPU
		{CB811388-9891-4A86-9A04-50DFC904B296}.Release Multithreaded|x64.ActiveCfg = Release|Any CPU
		{CB811388-9891-4A86-9A04-50DFC904B296}.Release Multithreaded|x64.Build.0 = Release|Any CPU
		{CB811388-9891-4A86-9A04-50DFC904B296}.Release Multithreaded|x86.ActiveCfg = Release|Any CPU
		{CB811388-9891-4A86-9A04-50DFC904B296}.Release Multithreaded|x86.Build.0 = Release|Any CPU
		{CB811388-9891-4A86-9A04-50DFC904B296}.Release Singlethreaded|Any CPU.ActiveCfg = Release|Any CPU
		{CB811388-9891-4A86-9A04-50DFC904B296}.Release Singlethreaded|Any CPU.Build.0 = Release|Any CPU
		{CB811388-9891-4A86-9A04-50DFC904B296}.Release Singlethreaded|ARM.ActiveCfg = Release|Any CPU
		{CB811388-9891-4A86-9A04-50DFC904B296}.Release Singlethreaded|ARM.Build.0 = Release|Any CPU
		{CB811388-9891-4A86-9A04-50DFC904B296}.Release Singlethreaded|x64.ActiveCfg = Release|Any CPU
		{CB811388-9891-4A86-9A04-50DFC904B296}.Release Singlethreaded|x64.Build.0 = Release|Any CPU
		{CB811388-9891-4A86-9A04-50DFC904B296}.Release Singlethreaded|x86.ActiveCfg = Release|Any CPU
		{CB811388-9891-4A86-9A04-50DFC904B296}.Release Singlethreaded|x86.Build.0 = Release|Any CPU
		{CB811388-9891-4A86-9A04-50DFC904B296}.Release|Any CPU.ActiveCfg = Release|Any CPU
		{CB811388-9891-4A86-9A04-50DFC904B296}.Release|Any CPU.Build.0 = Release|Any CPU
		{CB811388-9891-4A86-9A04-50DFC904B296}.Release|ARM.ActiveCfg = Release|Any CPU
		{CB811388-9891-4A86-9A04-50DFC904B296}.Release|ARM.Build.0 = Release|Any CPU
		{CB811388-9891-4A86-9A04-50DFC904B296}.Release|x64.ActiveCfg = Release|Any CPU
		{CB811388-9891-4A86-9A04-50DFC904B296}.Release|x64.Build.0 = Release|Any CPU
		{CB811388-9891-4A86-9A04-50DFC904B296}.Release|x86.ActiveCfg = Release|Any CPU
		{CB811388-9891-4A86-9A04-50DFC904B296}.Release|x86.Build.0 = Release|Any CPU
		{CB811388-9891-4A86-9A04-50DFC904B296}.RelWithDebInfo|Any CPU.ActiveCfg = Release|Any CPU
		{CB811388-9891-4A86-9A04-50DFC904B296}.RelWithDebInfo|Any CPU.Build.0 = Release|Any CPU
		{CB811388-9891-4A86-9A04-50DFC904B296}.RelWithDebInfo|ARM.ActiveCfg = Release|Any CPU
		{CB811388-9891-4A86-9A04-50DFC904B296}.RelWithDebInfo|ARM.Build.0 = Release|Any CPU
		{CB811388-9891-4A86-9A04-50DFC904B296}.RelWithDebInfo|x64.ActiveCfg = Release|Any CPU
		{CB811388-9891-4A86-9A04-50DFC904B296}.RelWithDebInfo|x64.Build.0 = Release|Any CPU
		{CB811388-9891-4A86-9A04-50DFC904B296}.RelWithDebInfo|x86.ActiveCfg = Release|Any CPU
		{CB811388-9891-4A86-9A04-50DFC904B296}.RelWithDebInfo|x86.Build.0 = Release|Any CPU
	EndGlobalSection
	GlobalSection(SolutionProperties) = preSolution
		HideSolutionNode = FALSE
	EndGlobalSection
	GlobalSection(NestedProjects) = preSolution
		{6F2FF135-E343-4138-A6FB-2D1F2540A3F8} = {81D0A643-C16F-402D-8FB4-EDE329859B72}
		{401AD31C-02B5-42EA-A158-72B2F4517308} = {81D0A643-C16F-402D-8FB4-EDE329859B72}
	EndGlobalSection
EndGlobal
