
Microsoft Visual Studio Solution File, Format Version 12.00
# Visual Studio 14
VisualStudioVersion = 14.0.25123.0
MinimumVisualStudioVersion = 10.0.40219.1
Project("{8BC9CEB8-8B4A-11D0-8D11-00A0C91BC942}") = "Sandbox", "Sandbox\Sandbox.vcxproj", "{ACA3D3D0-54EE-487F-A89E-3CD97A084C1B}"
EndProject
Project("{2150E333-8FDC-42A3-9474-1A3956D46DE8}") = "Dependencies", "Dependencies", "{81D0A643-C16F-402D-8FB4-EDE329859B72}"
EndProject
Project("{8BC9CEB8-8B4A-11D0-8D11-00A0C91BC942}") = "FreeImage", "Dependencies\FreeImage\FreeImage.vcxproj", "{6F2FF135-E343-4138-A6FB-2D1F2540A3F8}"
EndProject
Project("{8BC9CEB8-8B4A-11D0-8D11-00A0C91BC942}") = "Zaap", "Zaap\Zaap.vcxproj", "{5CF0B32A-0867-4AB2-B8F9-92EA3E4F21EC}"
EndProject
Global
	GlobalSection(SolutionConfigurationPlatforms) = preSolution
		Debug|x64 = Debug|x64
		Debug|x86 = Debug|x86
		Release|x64 = Release|x64
		Release|x86 = Release|x86
	EndGlobalSection
	GlobalSection(ProjectConfigurationPlatforms) = postSolution
		{ACA3D3D0-54EE-487F-A89E-3CD97A084C1B}.Debug|x64.ActiveCfg = Debug|x64
		{ACA3D3D0-54EE-487F-A89E-3CD97A084C1B}.Debug|x64.Build.0 = Debug|x64
		{ACA3D3D0-54EE-487F-A89E-3CD97A084C1B}.Debug|x86.ActiveCfg = Debug|Win32
		{ACA3D3D0-54EE-487F-A89E-3CD97A084C1B}.Debug|x86.Build.0 = Debug|Win32
		{ACA3D3D0-54EE-487F-A89E-3CD97A084C1B}.Release|x64.ActiveCfg = Release|x64
		{ACA3D3D0-54EE-487F-A89E-3CD97A084C1B}.Release|x64.Build.0 = Release|x64
		{ACA3D3D0-54EE-487F-A89E-3CD97A084C1B}.Release|x86.ActiveCfg = Release|Win32
		{ACA3D3D0-54EE-487F-A89E-3CD97A084C1B}.Release|x86.Build.0 = Release|Win32
		{6F2FF135-E343-4138-A6FB-2D1F2540A3F8}.Debug|x64.ActiveCfg = Debug|x64
		{6F2FF135-E343-4138-A6FB-2D1F2540A3F8}.Debug|x64.Build.0 = Debug|x64
		{6F2FF135-E343-4138-A6FB-2D1F2540A3F8}.Debug|x86.ActiveCfg = Debug|Win32
		{6F2FF135-E343-4138-A6FB-2D1F2540A3F8}.Debug|x86.Build.0 = Debug|Win32
		{6F2FF135-E343-4138-A6FB-2D1F2540A3F8}.Release|x64.ActiveCfg = Release|x64
		{6F2FF135-E343-4138-A6FB-2D1F2540A3F8}.Release|x64.Build.0 = Release|x64
		{6F2FF135-E343-4138-A6FB-2D1F2540A3F8}.Release|x86.ActiveCfg = Release|Win32
		{6F2FF135-E343-4138-A6FB-2D1F2540A3F8}.Release|x86.Build.0 = Release|Win32
		{5CF0B32A-0867-4AB2-B8F9-92EA3E4F21EC}.Debug|x64.ActiveCfg = Debug|x64
		{5CF0B32A-0867-4AB2-B8F9-92EA3E4F21EC}.Debug|x64.Build.0 = Debug|x64
		{5CF0B32A-0867-4AB2-B8F9-92EA3E4F21EC}.Debug|x86.ActiveCfg = Debug|Win32
		{5CF0B32A-0867-4AB2-B8F9-92EA3E4F21EC}.Debug|x86.Build.0 = Debug|Win32
		{5CF0B32A-0867-4AB2-B8F9-92EA3E4F21EC}.Debug|x86.Deploy.0 = Debug|Win32
		{5CF0B32A-0867-4AB2-B8F9-92EA3E4F21EC}.Release|x64.ActiveCfg = Release|x64
		{5CF0B32A-0867-4AB2-B8F9-92EA3E4F21EC}.Release|x64.Build.0 = Release|x64
		{5CF0B32A-0867-4AB2-B8F9-92EA3E4F21EC}.Release|x86.ActiveCfg = Release|Win32
		{5CF0B32A-0867-4AB2-B8F9-92EA3E4F21EC}.Release|x86.Build.0 = Release|Win32
	EndGlobalSection
	GlobalSection(SolutionProperties) = preSolution
		HideSolutionNode = FALSE
	EndGlobalSection
	GlobalSection(NestedProjects) = preSolution
		{6F2FF135-E343-4138-A6FB-2D1F2540A3F8} = {81D0A643-C16F-402D-8FB4-EDE329859B72}
	EndGlobalSection
EndGlobal
