<?xml version="1.0" encoding="utf-8"?>
<Project ToolsVersion="4.0" xmlns="http://schemas.microsoft.com/developer/msbuild/2003">
  <ItemGroup>
    <Filter Include="Source Files">
      <UniqueIdentifier>{4FC737F1-C7A5-4376-A066-2A32D752A2FF}</UniqueIdentifier>
      <Extensions>cpp;c;cc;cxx;def;odl;idl;hpj;bat;asm;asmx</Extensions>
    </Filter>
    <Filter Include="Header Files">
      <UniqueIdentifier>{93995380-89BD-4b04-88EB-625FBE52EBFB}</UniqueIdentifier>
      <Extensions>h;hh;hpp;hxx;hm;inl;inc;xsd</Extensions>
    </Filter>
    <Filter Include="Resource Files">
      <UniqueIdentifier>{67DA6AB6-F800-4c08-8B7A-83BB121AAD01}</UniqueIdentifier>
      <Extensions>rc;ico;cur;bmp;dlg;rc2;rct;bin;rgs;gif;jpg;jpeg;jpe;resx;tiff;tif;png;wav;mfcribbon-ms</Extensions>
    </Filter>
    <Filter Include="Source Files\src">
      <UniqueIdentifier>{a0d2758c-428d-4d8a-8a7d-d813d208cfaf}</UniqueIdentifier>
    </Filter>
    <Filter Include="Source Files\src\util">
      <UniqueIdentifier>{0f706254-8331-4ca4-b3df-0d1d11f3339c}</UniqueIdentifier>
    </Filter>
    <Filter Include="Source Files\src\graphics">
      <UniqueIdentifier>{f9c4f286-d2ac-4b95-85d2-184a25f9b3a5}</UniqueIdentifier>
    </Filter>
    <Filter Include="Source Files\src\graphics\API">
      <UniqueIdentifier>{a78203de-f215-40f7-af68-c07f4fe21d04}</UniqueIdentifier>
    </Filter>
    <Filter Include="Source Files\src\maths">
      <UniqueIdentifier>{1a0810fa-72de-49bb-b4de-4dd444cba215}</UniqueIdentifier>
    </Filter>
    <Filter Include="Source Files\src\app">
      <UniqueIdentifier>{4b7fb207-8a6f-46cc-8224-2413c80b59bf}</UniqueIdentifier>
    </Filter>
    <Filter Include="Source Files\src\events">
      <UniqueIdentifier>{ff50829f-cec1-47e4-bfbb-fd31a35b82f0}</UniqueIdentifier>
    </Filter>
    <Filter Include="Source Files\src\graphics\mesh">
      <UniqueIdentifier>{8b7407c5-aec1-4099-aa91-f777b148a15d}</UniqueIdentifier>
    </Filter>
    <Filter Include="Source Files\src\scene">
      <UniqueIdentifier>{df045561-db33-4ef1-b7f5-6f25476eb842}</UniqueIdentifier>
    </Filter>
    <Filter Include="Source Files\src\scene\terrain">
      <UniqueIdentifier>{017c9b12-69c4-4e59-a093-efaad5082d0f}</UniqueIdentifier>
    </Filter>
    <Filter Include="Source Files\src\graphics\API\DX">
      <UniqueIdentifier>{08e189bf-5b6c-41f6-9fd4-45a0a3348f4d}</UniqueIdentifier>
    </Filter>
    <Filter Include="Source Files\src\graphics\camera">
      <UniqueIdentifier>{72ef83b0-ab68-47f7-aad8-a933e960bd1a}</UniqueIdentifier>
    </Filter>
    <Filter Include="Source Files\src\graphics\API\DX\shader">
      <UniqueIdentifier>{80cf2297-cf1b-4e7a-8524-d8d3148d6517}</UniqueIdentifier>
    </Filter>
    <Filter Include="Source Files\src\graphics\API\DX\shader\types">
      <UniqueIdentifier>{f844c93d-04c4-49e3-8f91-ae8fb2bad02c}</UniqueIdentifier>
    </Filter>
    <Filter Include="Source Files\src\events\types">
      <UniqueIdentifier>{af3d5829-1179-41fd-8562-6dabd692a4fc}</UniqueIdentifier>
    </Filter>
    <Filter Include="Source Files\src\entity">
      <UniqueIdentifier>{0820ef89-fcef-475c-b8a5-14ef05f48384}</UniqueIdentifier>
    </Filter>
    <Filter Include="Source Files\src\entity\light">
      <UniqueIdentifier>{e146fc29-9ed3-416b-a68e-00ccfdabb270}</UniqueIdentifier>
    </Filter>
    <Filter Include="Source Files\src\system">
      <UniqueIdentifier>{e5bf843d-25b7-48b4-95dd-ec5a32cc8d8c}</UniqueIdentifier>
    </Filter>
    <Filter Include="Source Files\src\graphics\shader">
      <UniqueIdentifier>{21d1ced4-e6bf-4841-8364-880c5167dbb1}</UniqueIdentifier>
    </Filter>
    <Filter Include="Source Files\src\graphics\shader\types">
      <UniqueIdentifier>{d3fd73ec-acc9-4fde-9f45-a45429a31401}</UniqueIdentifier>
    </Filter>
  </ItemGroup>
  <ItemGroup>
    <ClCompile Include="src\util\Console.cpp">
      <Filter>Source Files\src\util</Filter>
    </ClCompile>
    <ClCompile Include="src\util\StringUtil.cpp">
      <Filter>Source Files\src\util</Filter>
    </ClCompile>
    <ClCompile Include="src\util\ImageLoader.cpp">
      <Filter>Source Files\src\util</Filter>
    </ClCompile>
    <ClCompile Include="src\graphics\API\Context.cpp">
      <Filter>Source Files\src\graphics\API</Filter>
    </ClCompile>
    <ClCompile Include="src\maths\Mat4.cpp">
      <Filter>Source Files\src\maths</Filter>
    </ClCompile>
    <ClCompile Include="src\maths\Vec2.cpp">
      <Filter>Source Files\src\maths</Filter>
    </ClCompile>
    <ClCompile Include="src\maths\Vec3.cpp">
      <Filter>Source Files\src\maths</Filter>
    </ClCompile>
    <ClCompile Include="src\maths\Vec4.cpp">
      <Filter>Source Files\src\maths</Filter>
    </ClCompile>
    <ClCompile Include="src\app\Application.cpp">
      <Filter>Source Files\src\app</Filter>
    </ClCompile>
    <ClCompile Include="src\app\Window.cpp">
      <Filter>Source Files\src\app</Filter>
    </ClCompile>
    <ClCompile Include="src\graphics\camera\Camera.cpp">
      <Filter>Source Files\src\graphics\camera</Filter>
    </ClCompile>
    <ClCompile Include="src\events\Input.cpp">
      <Filter>Source Files\src\events</Filter>
    </ClCompile>
    <ClCompile Include="src\graphics\camera\ControllableCamera.cpp">
      <Filter>Source Files\src\graphics\camera</Filter>
    </ClCompile>
    <ClCompile Include="src\graphics\TextureManager.cpp">
      <Filter>Source Files\src\graphics</Filter>
    </ClCompile>
    <ClCompile Include="src\graphics\Scene.cpp">
      <Filter>Source Files\src\graphics</Filter>
    </ClCompile>
    <ClCompile Include="src\graphics\MaterialManager.cpp">
      <Filter>Source Files\src\graphics</Filter>
    </ClCompile>
    <ClCompile Include="src\graphics\mesh\Mesh.cpp">
      <Filter>Source Files\src\graphics\mesh</Filter>
    </ClCompile>
    <ClCompile Include="src\graphics\mesh\TexturedMesh.cpp">
      <Filter>Source Files\src\graphics\mesh</Filter>
    </ClCompile>
    <ClCompile Include="src\graphics\mesh\MeshManager.cpp">
      <Filter>Source Files\src\graphics\mesh</Filter>
    </ClCompile>
    <ClCompile Include="src\graphics\Material.cpp">
      <Filter>Source Files\src\graphics</Filter>
    </ClCompile>
    <ClCompile Include="src\graphics\mesh\MaterialMesh.cpp">
      <Filter>Source Files\src\graphics\mesh</Filter>
    </ClCompile>
    <ClCompile Include="src\scene\terrain\Terrain.cpp">
      <Filter>Source Files\src\scene\terrain</Filter>
    </ClCompile>
    <ClCompile Include="src\scene\terrain\TerrainPart.cpp">
      <Filter>Source Files\src\scene\terrain</Filter>
    </ClCompile>
    <ClCompile Include="src\graphics\camera\ViewFrustum.cpp">
      <Filter>Source Files\src\graphics\camera</Filter>
    </ClCompile>
    <ClCompile Include="src\maths\Plane3D.cpp">
      <Filter>Source Files\src\maths</Filter>
    </ClCompile>
    <ClCompile Include="src\graphics\Font.cpp">
      <Filter>Source Files\src\graphics</Filter>
    </ClCompile>
    <ClCompile Include="src\util\UUID.cpp">
      <Filter>Source Files\src\util</Filter>
    </ClCompile>
    <ClCompile Include="src\graphics\API\DX\shader\types\DXFontShader2D.cpp">
      <Filter>Source Files\src\graphics\API\DX\shader\types</Filter>
    </ClCompile>
    <ClCompile Include="src\graphics\API\DX\shader\types\DXMaterialShader.cpp">
      <Filter>Source Files\src\graphics\API\DX\shader\types</Filter>
    </ClCompile>
    <ClCompile Include="src\graphics\API\DX\shader\types\DXTerrainShader.cpp">
      <Filter>Source Files\src\graphics\API\DX\shader\types</Filter>
    </ClCompile>
    <ClCompile Include="src\graphics\API\DX\shader\types\DXTextureShader.cpp">
      <Filter>Source Files\src\graphics\API\DX\shader\types</Filter>
    </ClCompile>
    <ClCompile Include="src\graphics\API\Texture.cpp">
      <Filter>Source Files\src\graphics\API</Filter>
    </ClCompile>
    <ClCompile Include="src\graphics\API\Texture2D.cpp">
      <Filter>Source Files\src\graphics\API</Filter>
    </ClCompile>
    <ClCompile Include="src\graphics\API\VertexBuffer.cpp">
      <Filter>Source Files\src\graphics\API</Filter>
    </ClCompile>
    <ClCompile Include="src\graphics\API\DX\DXTexture2D.cpp">
      <Filter>Source Files\src\graphics\API\DX</Filter>
    </ClCompile>
    <ClCompile Include="src\graphics\API\DX\DXVertexBuffer.cpp">
      <Filter>Source Files\src\graphics\API\DX</Filter>
    </ClCompile>
    <ClCompile Include="src\graphics\API\DX\DXContext.cpp">
      <Filter>Source Files\src\graphics\API\DX</Filter>
    </ClCompile>
    <ClCompile Include="src\graphics\API\DX\shader\DXShader.cpp">
      <Filter>Source Files\src\graphics\API\DX\shader</Filter>
    </ClCompile>
    <ClCompile Include="src\util\Loader.cpp">
      <Filter>Source Files\src\util</Filter>
    </ClCompile>
    <ClCompile Include="src\graphics\Format.cpp">
      <Filter>Source Files\src\graphics</Filter>
    </ClCompile>
    <ClCompile Include="src\events\EventManager.cpp">
      <Filter>Source Files\src\events</Filter>
    </ClCompile>
    <ClCompile Include="src\events\WindowEvent.cpp">
      <Filter>Source Files\src\events\types</Filter>
    </ClCompile>
    <ClCompile Include="src\graphics\Bitmap.cpp">
      <Filter>Source Files\src\graphics</Filter>
    </ClCompile>
    <ClCompile Include="src\graphics\Color.cpp">
      <Filter>Source Files\src\graphics</Filter>
    </ClCompile>
    <ClCompile Include="src\entity\Entity.cpp">
      <Filter>Source Files\src\entity</Filter>
    </ClCompile>
    <ClCompile Include="src\entity\light\Light.cpp">
      <Filter>Source Files\src\entity\light</Filter>
    </ClCompile>
    <ClCompile Include="src\entity\light\LightSetup.cpp">
      <Filter>Source Files\src\entity\light</Filter>
    </ClCompile>
    <ClCompile Include="src\ZAError.cpp">
      <Filter>Source Files\src</Filter>
    </ClCompile>
    <ClCompile Include="src\maths\MathUtil.cpp">
      <Filter>Source Files\src\maths</Filter>
    </ClCompile>
    <ClCompile Include="src\graphics\Renderer3D.cpp">
      <Filter>Source Files\src\graphics</Filter>
    </ClCompile>
    <ClCompile Include="src\graphics\API\DX\DXRenderer3D.cpp">
      <Filter>Source Files\src\graphics\API\DX</Filter>
    </ClCompile>
    <ClCompile Include="src\graphics\shader\FontShader2D.cpp">
      <Filter>Source Files\src\graphics\shader\types</Filter>
    </ClCompile>
    <ClCompile Include="src\graphics\shader\MaterialShader.cpp">
      <Filter>Source Files\src\graphics\shader\types</Filter>
    </ClCompile>
    <ClCompile Include="src\graphics\shader\TerrainShader.cpp">
      <Filter>Source Files\src\graphics\shader\types</Filter>
    </ClCompile>
    <ClCompile Include="src\graphics\shader\TextureShader.cpp">
      <Filter>Source Files\src\graphics\shader\types</Filter>
    </ClCompile>
  </ItemGroup>
  <ItemGroup>
    <ClInclude Include="src\Common.h">
      <Filter>Source Files\src</Filter>
    </ClInclude>
    <ClInclude Include="src\Types.h">
      <Filter>Source Files\src</Filter>
    </ClInclude>
    <ClInclude Include="src\util\Console.h">
      <Filter>Source Files\src\util</Filter>
    </ClInclude>
    <ClInclude Include="src\util\StringUtil.h">
      <Filter>Source Files\src\util</Filter>
    </ClInclude>
    <ClInclude Include="src\util\ImageLoader.h">
      <Filter>Source Files\src\util</Filter>
    </ClInclude>
    <ClInclude Include="src\graphics\API\Context.h">
      <Filter>Source Files\src\graphics\API</Filter>
    </ClInclude>
    <ClInclude Include="src\maths\Mat4.h">
      <Filter>Source Files\src\maths</Filter>
    </ClInclude>
    <ClInclude Include="src\maths\Maths.h">
      <Filter>Source Files\src\maths</Filter>
    </ClInclude>
    <ClInclude Include="src\maths\Vec2.h">
      <Filter>Source Files\src\maths</Filter>
    </ClInclude>
    <ClInclude Include="src\maths\Vec3.h">
      <Filter>Source Files\src\maths</Filter>
    </ClInclude>
    <ClInclude Include="src\maths\Vec4.h">
      <Filter>Source Files\src\maths</Filter>
    </ClInclude>
    <ClInclude Include="src\app\Application.h">
      <Filter>Source Files\src\app</Filter>
    </ClInclude>
    <ClInclude Include="src\app\Window.h">
      <Filter>Source Files\src\app</Filter>
    </ClInclude>
    <ClInclude Include="src\Zaap.h">
      <Filter>Source Files</Filter>
    </ClInclude>
    <ClInclude Include="src\graphics\camera\Camera.h">
      <Filter>Source Files\src\graphics\camera</Filter>
    </ClInclude>
    <ClInclude Include="src\events\Input.h">
      <Filter>Source Files\src\events</Filter>
    </ClInclude>
    <ClInclude Include="src\graphics\camera\ControllableCamera.h">
      <Filter>Source Files\src\graphics\camera</Filter>
    </ClInclude>
    <ClInclude Include="src\graphics\TextureManager.h">
      <Filter>Source Files\src\graphics</Filter>
    </ClInclude>
    <ClInclude Include="src\graphics\Scene.h">
      <Filter>Source Files\src\graphics</Filter>
    </ClInclude>
    <ClInclude Include="src\graphics\Material.h">
      <Filter>Source Files\src\graphics</Filter>
    </ClInclude>
    <ClInclude Include="src\graphics\MaterialManager.h">
      <Filter>Source Files\src\graphics</Filter>
    </ClInclude>
    <ClInclude Include="src\graphics\mesh\Mesh.h">
      <Filter>Source Files\src\graphics\mesh</Filter>
    </ClInclude>
    <ClInclude Include="src\graphics\mesh\TexturedMesh.h">
      <Filter>Source Files\src\graphics\mesh</Filter>
    </ClInclude>
    <ClInclude Include="src\graphics\mesh\MeshManager.h">
      <Filter>Source Files\src\graphics\mesh</Filter>
    </ClInclude>
    <ClInclude Include="src\graphics\mesh\MaterialMesh.h">
      <Filter>Source Files\src\graphics\mesh</Filter>
    </ClInclude>
    <ClInclude Include="src\scene\terrain\Terrain.h">
      <Filter>Source Files\src\scene\terrain</Filter>
    </ClInclude>
    <ClInclude Include="src\scene\terrain\TerrainPart.h">
      <Filter>Source Files\src\scene\terrain</Filter>
    </ClInclude>
    <ClInclude Include="src\graphics\camera\ViewFrustum.h">
      <Filter>Source Files\src\graphics\camera</Filter>
    </ClInclude>
    <ClInclude Include="src\maths\Plane3D.h">
      <Filter>Source Files\src\maths</Filter>
    </ClInclude>
    <ClInclude Include="src\graphics\Font.h">
      <Filter>Source Files\src\graphics</Filter>
    </ClInclude>
    <ClInclude Include="src\util\UUID.h">
      <Filter>Source Files\src\util</Filter>
    </ClInclude>
    <ClInclude Include="src\graphics\API\DX\shader\types\DXFontShader2D.h">
      <Filter>Source Files\src\graphics\API\DX\shader\types</Filter>
    </ClInclude>
    <ClInclude Include="src\graphics\API\DX\shader\types\DXMaterialShader.h">
      <Filter>Source Files\src\graphics\API\DX\shader\types</Filter>
    </ClInclude>
    <ClInclude Include="src\graphics\API\DX\shader\types\DXTerrainShader.h">
      <Filter>Source Files\src\graphics\API\DX\shader\types</Filter>
    </ClInclude>
    <ClInclude Include="src\graphics\API\DX\shader\types\DXTextureShader.h">
      <Filter>Source Files\src\graphics\API\DX\shader\types</Filter>
    </ClInclude>
    <ClInclude Include="src\graphics\API\Texture.h">
      <Filter>Source Files\src\graphics\API</Filter>
    </ClInclude>
    <ClInclude Include="src\graphics\API\Texture2D.h">
      <Filter>Source Files\src\graphics\API</Filter>
    </ClInclude>
    <ClInclude Include="src\graphics\API\VertexBuffer.h">
      <Filter>Source Files\src\graphics\API</Filter>
    </ClInclude>
    <ClInclude Include="src\graphics\API\DX\DXTexture2D.h">
      <Filter>Source Files\src\graphics\API\DX</Filter>
    </ClInclude>
    <ClInclude Include="src\graphics\API\DX\DXVertexBuffer.h">
      <Filter>Source Files\src\graphics\API\DX</Filter>
    </ClInclude>
    <ClInclude Include="src\graphics\API\DX\DXCommon.h">
      <Filter>Source Files\src\graphics\API\DX</Filter>
    </ClInclude>
    <ClInclude Include="src\graphics\API\DX\DXContext.h">
      <Filter>Source Files\src\graphics\API\DX</Filter>
    </ClInclude>
    <ClInclude Include="src\graphics\API\DX\shader\DXShader.h">
      <Filter>Source Files\src\graphics\API\DX\shader</Filter>
    </ClInclude>
    <ClInclude Include="src\util\Loader.h">
      <Filter>Source Files\src\util</Filter>
    </ClInclude>
    <ClInclude Include="src\graphics\Format.h">
      <Filter>Source Files\src\graphics</Filter>
    </ClInclude>
    <ClInclude Include="src\events\EventManager.h">
      <Filter>Source Files\src\events</Filter>
    </ClInclude>
    <ClInclude Include="src\events\WindowEvent.h">
      <Filter>Source Files\src\events\types</Filter>
    </ClInclude>
    <ClInclude Include="src\graphics\Bitmap.h">
      <Filter>Source Files\src\graphics</Filter>
    </ClInclude>
    <ClInclude Include="src\graphics\Color.h">
      <Filter>Source Files\src\graphics</Filter>
    </ClInclude>
    <ClInclude Include="src\entity\Entity.h">
      <Filter>Source Files\src\entity</Filter>
    </ClInclude>
    <ClInclude Include="src\entity\light\Light.h">
      <Filter>Source Files\src\entity\light</Filter>
    </ClInclude>
    <ClInclude Include="src\entity\light\LightSetup.h">
      <Filter>Source Files\src\entity\light</Filter>
    </ClInclude>
    <ClInclude Include="src\ZAError.h">
      <Filter>Source Files\src</Filter>
    </ClInclude>
    <ClInclude Include="src\maths\MathUtil.h">
      <Filter>Source Files\src\maths</Filter>
    </ClInclude>
    <ClInclude Include="src\graphics\Renderer3D.h">
      <Filter>Source Files\src\graphics</Filter>
    </ClInclude>
    <ClInclude Include="src\graphics\API\DX\DXRenderer3D.h">
      <Filter>Source Files\src\graphics\API\DX</Filter>
    </ClInclude>
    <ClInclude Include="src\graphics\shader\Shader.h">
      <Filter>Source Files\src\graphics\shader</Filter>
    </ClInclude>
    <ClInclude Include="src\graphics\shader\FontShader2D.h">
      <Filter>Source Files\src\graphics\shader\types</Filter>
    </ClInclude>
    <ClInclude Include="src\graphics\shader\MaterialShader.h">
      <Filter>Source Files\src\graphics\shader\types</Filter>
    </ClInclude>
    <ClInclude Include="src\graphics\shader\TerrainShader.h">
      <Filter>Source Files\src\graphics\shader\types</Filter>
    </ClInclude>
    <ClInclude Include="src\graphics\shader\TextureShader.h">
      <Filter>Source Files\src\graphics\shader\types</Filter>
    </ClInclude>
  </ItemGroup>
  <ItemGroup>
    <None Include="src\graphics\API\DX\shader\types\DXFontShader2D.shader">
      <Filter>Source Files\src\graphics\API\DX\shader\types</Filter>
    </None>
    <None Include="src\graphics\API\DX\shader\types\DXMaterialShader.shader">
      <Filter>Source Files\src\graphics\API\DX\shader\types</Filter>
    </None>
    <None Include="src\graphics\API\DX\shader\types\DXTerrainShader.shader">
      <Filter>Source Files\src\graphics\API\DX\shader\types</Filter>
    </None>
    <None Include="src\graphics\API\DX\shader\types\DXTextureShader.shader">
      <Filter>Source Files\src\graphics\API\DX\shader\types</Filter>
    </None>
  </ItemGroup>
</Project>