<?xml version="1.0" encoding="utf-8"?>
<Project ToolsVersion="4.0" xmlns="http://schemas.microsoft.com/developer/msbuild/2003">
  <ItemGroup>
    <ClCompile Include="src\maths\Matrix4.cpp">
      <Filter>Source Files\src\maths</Filter>
    </ClCompile>
    <ClCompile Include="src\maths\Vector2.cpp">
      <Filter>Source Files\src\maths</Filter>
    </ClCompile>
    <ClCompile Include="src\maths\Vector4.cpp">
      <Filter>Source Files\src\maths</Filter>
    </ClCompile>
    <ClCompile Include="src\maths\Vector3.cpp">
      <Filter>Source Files\src\maths</Filter>
    </ClCompile>
    <ClCompile Include="src\util\UUID.cpp">
      <Filter>Source Files\src\util</Filter>
    </ClCompile>
    <ClCompile Include="src\app\Window.cpp">
      <Filter>Source Files\src\app</Filter>
    </ClCompile>
    <ClCompile Include="src\graphics\Bitmap.cpp">
      <Filter>Source Files\src\graphics</Filter>
    </ClCompile>
    <ClCompile Include="src\graphics\Color.cpp">
      <Filter>Source Files\src\graphics</Filter>
    </ClCompile>
    <ClCompile Include="src\graphics\Format.cpp">
      <Filter>Source Files\src\graphics</Filter>
    </ClCompile>
    <ClCompile Include="src\app\Application.cpp">
      <Filter>Source Files\src\app</Filter>
    </ClCompile>
    <ClCompile Include="src\maths\Plane3D.cpp">
      <Filter>Source Files\src\maths</Filter>
    </ClCompile>
    <ClCompile Include="src\graphics\camera\ViewFrustum.cpp">
      <Filter>Source Files\src\graphics\camera</Filter>
    </ClCompile>
    <ClCompile Include="src\graphics\camera\Camera.cpp">
      <Filter>Source Files\src\graphics\camera</Filter>
    </ClCompile>
    <ClCompile Include="src\graphics\camera\ControllableCamera.cpp">
      <Filter>Source Files\src\graphics\camera</Filter>
    </ClCompile>
    <ClCompile Include="src\graphics\camera\BaseCamera.cpp">
      <Filter>Source Files\src\graphics\camera</Filter>
    </ClCompile>
    <ClCompile Include="src\scene\Terrain.cpp">
      <Filter>Source Files\src\scene</Filter>
    </ClCompile>
    <ClCompile Include="src\entity\light\Light.cpp">
      <Filter>Source Files\src\entity\light</Filter>
    </ClCompile>
    <ClCompile Include="src\entity\light\LightSetup.cpp">
      <Filter>Source Files\src\entity\light</Filter>
    </ClCompile>
    <ClCompile Include="src\entity\Entity.cpp">
      <Filter>Source Files\src\entity</Filter>
    </ClCompile>
    <ClCompile Include="src\entity\BaseEntity.cpp">
      <Filter>Source Files\src\entity</Filter>
    </ClCompile>
  </ItemGroup>
  <ItemGroup>
    <ClInclude Include="src\ZaapCLI.h">
      <Filter>Source Files</Filter>
    </ClInclude>
    <ClInclude Include="src\maths\Matrix4.h">
      <Filter>Source Files\src\maths</Filter>
    </ClInclude>
    <ClInclude Include="src\maths\Vector4.h">
      <Filter>Source Files\src\maths</Filter>
    </ClInclude>
    <ClInclude Include="src\maths\Vector3.h">
      <Filter>Source Files\src\maths</Filter>
    </ClInclude>
    <ClInclude Include="src\maths\Vector2.h">
      <Filter>Source Files\src\maths</Filter>
    </ClInclude>
    <ClInclude Include="src\util\UUID.h">
      <Filter>Source Files\src\util</Filter>
    </ClInclude>
    <ClInclude Include="src\app\Window.h">
      <Filter>Source Files\src\app</Filter>
    </ClInclude>
    <ClInclude Include="src\graphics\Bitmap.h">
      <Filter>Source Files\src\graphics</Filter>
    </ClInclude>
    <ClInclude Include="src\graphics\Color.h">
      <Filter>Source Files\src\graphics</Filter>
    </ClInclude>
    <ClInclude Include="src\graphics\Format.h">
      <Filter>Source Files\src\graphics</Filter>
    </ClInclude>
    <ClInclude Include="src\app\Application.h">
      <Filter>Source Files\src\app</Filter>
    </ClInclude>
    <ClInclude Include="src\maths\Plane3D.h">
      <Filter>Source Files\src\maths</Filter>
    </ClInclude>
    <ClInclude Include="src\graphics\camera\ViewFrustum.h">
      <Filter>Source Files\src\graphics\camera</Filter>
    </ClInclude>
    <ClInclude Include="src\graphics\camera\Camera.h">
      <Filter>Source Files\src\graphics\camera</Filter>
    </ClInclude>
    <ClInclude Include="src\graphics\camera\ControllableCamera.h">
      <Filter>Source Files\src\graphics\camera</Filter>
    </ClInclude>
    <ClInclude Include="src\graphics\camera\BaseCamera.h">
      <Filter>Source Files\src\graphics\camera</Filter>
    </ClInclude>
    <ClInclude Include="src\scene\Terrain.h">
      <Filter>Source Files\src\scene</Filter>
    </ClInclude>
    <ClInclude Include="src\entity\light\Light.h">
      <Filter>Source Files\src\entity\light</Filter>
    </ClInclude>
    <ClInclude Include="src\entity\light\LightSetup.h">
      <Filter>Source Files\src\entity\light</Filter>
    </ClInclude>
    <ClInclude Include="src\entity\Entity.h">
      <Filter>Source Files\src\entity</Filter>
    </ClInclude>
    <ClInclude Include="src\entity\BaseEntity.h">
      <Filter>Source Files\src\entity</Filter>
    </ClInclude>
  </ItemGroup>
  <ItemGroup>
    <Filter Include="Source Files">
      <UniqueIdentifier>{8289a5f4-f4a4-4ac4-90a0-73a89d60f011}</UniqueIdentifier>
    </Filter>
    <Filter Include="Source Files\src">
      <UniqueIdentifier>{36a738c7-73d7-4db5-8e90-a811872cc0a6}</UniqueIdentifier>
    </Filter>
    <Filter Include="Source Files\src\maths">
      <UniqueIdentifier>{d4625cfb-9695-4dce-af74-164954fb91c5}</UniqueIdentifier>
    </Filter>
    <Filter Include="Source Files\src\util">
      <UniqueIdentifier>{c6942639-e41e-4b10-9cd5-3c0aa252a066}</UniqueIdentifier>
    </Filter>
    <Filter Include="Source Files\src\app">
      <UniqueIdentifier>{47febb80-30fb-4de1-bdb1-d82a613764af}</UniqueIdentifier>
    </Filter>
    <Filter Include="Source Files\src\graphics">
      <UniqueIdentifier>{ac19bc24-0257-4265-959b-3bd0a0741828}</UniqueIdentifier>
    </Filter>
    <Filter Include="Source Files\src\graphics\camera">
      <UniqueIdentifier>{de330325-0cc4-480b-b486-b8375e219577}</UniqueIdentifier>
    </Filter>
    <Filter Include="Source Files\src\scene">
      <UniqueIdentifier>{544efb9e-afd0-43a4-b296-7f3feeba284a}</UniqueIdentifier>
    </Filter>
    <Filter Include="Source Files\src\entity">
      <UniqueIdentifier>{8bbb4ccd-1f00-42c6-85a3-9d904fe316f7}</UniqueIdentifier>
    </Filter>
    <Filter Include="Source Files\src\entity\light">
      <UniqueIdentifier>{0f236bf1-7c36-47ec-97f4-c398a9ff3bff}</UniqueIdentifier>
    </Filter>
  </ItemGroup>
</Project>